
Microsoft Visual Studio Solution File, Format Version 12.00
# Visual Studio Version 16
VisualStudioVersion = 16.0.29519.181
MinimumVisualStudioVersion = 10.0.40219.1
Project("{FAE04EC0-301F-11D3-BF4B-00C04F79EFBC}") = "JsonSerializerDepth", "JsonSerializerDepth\JsonSerializerDepth.csproj", "{691C1C4C-F6C1-4BAB-9D9C-2C2EF908EC90}"
EndProject
Global
	GlobalSection(SolutionConfigurationPlatforms) = preSolution
		Debug|Any CPU = Debug|Any CPU
		Release|Any CPU = Release|Any CPU
	EndGlobalSection
	GlobalSection(ProjectConfigurationPlatforms) = postSolution
		{691C1C4C-F6C1-4BAB-9D9C-2C2EF908EC90}.Debug|Any CPU.ActiveCfg = Debug|Any CPU
		{691C1C4C-F6C1-4BAB-9D9C-2C2EF908EC90}.Debug|Any CPU.Build.0 = Debug|Any CPU
		{691C1C4C-F6C1-4BAB-9D9C-2C2EF908EC90}.Release|Any CPU.ActiveCfg = Release|Any CPU
		{691C1C4C-F6C1-4BAB-9D9C-2C2EF908EC90}.Release|Any CPU.Build.0 = Release|Any CPU
	EndGlobalSection
	GlobalSection(SolutionProperties) = preSolution
		HideSolutionNode = FALSE
	EndGlobalSection
	GlobalSection(ExtensibilityGlobals) = postSolution
		SolutionGuid = {5EF2D6E0-87E1-4F88-BCFD-2D21D7C95FD3}
	EndGlobalSection
EndGlobal
